
Microsoft Visual Studio Solution File, Format Version 12.00
# Visual Studio Version 17
VisualStudioVersion = 17.9.34728.123
MinimumVisualStudioVersion = 10.0.40219.1
Project("{FAE04EC0-301F-11D3-BF4B-00C04F79EFBC}") = "Lista_de_Tarefas_Avalonia", "Lista_de_Tarefas_Avalonia\Lista_de_Tarefas_Avalonia.csproj", "{F2D9EB4D-3D08-4EB5-95E3-021A928F777F}"
EndProject
Global
	GlobalSection(SolutionConfigurationPlatforms) = preSolution
		Debug|Any CPU = Debug|Any CPU
		Release|Any CPU = Release|Any CPU
	EndGlobalSection
	GlobalSection(ProjectConfigurationPlatforms) = postSolution
		{F2D9EB4D-3D08-4EB5-95E3-021A928F777F}.Debug|Any CPU.ActiveCfg = Debug|Any CPU
		{F2D9EB4D-3D08-4EB5-95E3-021A928F777F}.Debug|Any CPU.Build.0 = Debug|Any CPU
		{F2D9EB4D-3D08-4EB5-95E3-021A928F777F}.Release|Any CPU.ActiveCfg = Release|Any CPU
		{F2D9EB4D-3D08-4EB5-95E3-021A928F777F}.Release|Any CPU.Build.0 = Release|Any CPU
	EndGlobalSection
	GlobalSection(SolutionProperties) = preSolution
		HideSolutionNode = FALSE
	EndGlobalSection
	GlobalSection(ExtensibilityGlobals) = postSolution
		SolutionGuid = {3523BFF7-8912-4FCD-A15D-4CCE23971D21}
	EndGlobalSection
EndGlobal
